
Microsoft Visual Studio Solution File, Format Version 12.00
# Visual Studio Version 17
VisualStudioVersion = 17.2.32526.322
MinimumVisualStudioVersion = 10.0.40219.1
Project("{FAE04EC0-301F-11D3-BF4B-00C04F79EFBC}") = "DockerTest2", "DockerTest2.csproj", "{5CA48F6D-56AA-4600-A9A5-B4D69ACDFB6E}"
EndProject
Global
	GlobalSection(SolutionConfigurationPlatforms) = preSolution
		Debug|Any CPU = Debug|Any CPU
		Release|Any CPU = Release|Any CPU
	EndGlobalSection
	GlobalSection(ProjectConfigurationPlatforms) = postSolution
		{5CA48F6D-56AA-4600-A9A5-B4D69ACDFB6E}.Debug|Any CPU.ActiveCfg = Debug|Any CPU
		{5CA48F6D-56AA-4600-A9A5-B4D69ACDFB6E}.Debug|Any CPU.Build.0 = Debug|Any CPU
		{5CA48F6D-56AA-4600-A9A5-B4D69ACDFB6E}.Release|Any CPU.ActiveCfg = Release|Any CPU
		{5CA48F6D-56AA-4600-A9A5-B4D69ACDFB6E}.Release|Any CPU.Build.0 = Release|Any CPU
	EndGlobalSection
	GlobalSection(SolutionProperties) = preSolution
		HideSolutionNode = FALSE
	EndGlobalSection
	GlobalSection(ExtensibilityGlobals) = postSolution
		SolutionGuid = {A4B90740-1EBB-4023-9782-0015B8194242}
	EndGlobalSection
EndGlobal
